
Microsoft Visual Studio Solution File, Format Version 12.00
# Visual Studio Version 17
VisualStudioVersion = 17.5.002.0
MinimumVisualStudioVersion = 10.0.40219.1
Project("{9A19103F-16F7-4668-BE54-9A1E7A4F7556}") = "dotnet-todo", "dotnet-todo.csproj", "{9F72D651-0511-4995-B1F5-2F097EF6B1AF}"
EndProject
Global
	GlobalSection(SolutionConfigurationPlatforms) = preSolution
		Debug|Any CPU = Debug|Any CPU
		Release|Any CPU = Release|Any CPU
	EndGlobalSection
	GlobalSection(ProjectConfigurationPlatforms) = postSolution
		{9F72D651-0511-4995-B1F5-2F097EF6B1AF}.Debug|Any CPU.ActiveCfg = Debug|Any CPU
		{9F72D651-0511-4995-B1F5-2F097EF6B1AF}.Debug|Any CPU.Build.0 = Debug|Any CPU
		{9F72D651-0511-4995-B1F5-2F097EF6B1AF}.Release|Any CPU.ActiveCfg = Release|Any CPU
		{9F72D651-0511-4995-B1F5-2F097EF6B1AF}.Release|Any CPU.Build.0 = Release|Any CPU
	EndGlobalSection
	GlobalSection(SolutionProperties) = preSolution
		HideSolutionNode = FALSE
	EndGlobalSection
	GlobalSection(ExtensibilityGlobals) = postSolution
		SolutionGuid = {42989C8A-7F6A-41DC-BD86-6661B95803DA}
	EndGlobalSection
EndGlobal
